// !$*UTF8*$!
{
	archiveVersion = 1;
	classes = {
	};
	objectVersion = 55;
	objects = {

/* Begin PBXBuildFile section */
		1A445F5E27559A8C00561348 /* IsosurfaceExtractionApp.swift in Sources */ = {isa = PBXBuildFile; fileRef = 1A445F5D27559A8C00561348 /* IsosurfaceExtractionApp.swift */; };
		1A445F6027559A8C00561348 /* ContentView.swift in Sources */ = {isa = PBXBuildFile; fileRef = 1A445F5F27559A8C00561348 /* ContentView.swift */; };
		1A445F6227559A8D00561348 /* Assets.xcassets in Resources */ = {isa = PBXBuildFile; fileRef = 1A445F6127559A8D00561348 /* Assets.xcassets */; };
		1A445F6527559A8D00561348 /* Preview Assets.xcassets in Resources */ = {isa = PBXBuildFile; fileRef = 1A445F6427559A8D00561348 /* Preview Assets.xcassets */; };
		1A445F6D27559AA900561348 /* MarchingCubes.swift in Sources */ = {isa = PBXBuildFile; fileRef = 1A445F6B27559AA900561348 /* MarchingCubes.swift */; };
		1A7981FA27559D8200D9484D /* Polygonise.c in Sources */ = {isa = PBXBuildFile; fileRef = 1A7981F927559D8200D9484D /* Polygonise.c */; };
/* End PBXBuildFile section */

/* Begin PBXFileReference section */
		1A445F5A27559A8C00561348 /* IsosurfaceExtraction.app */ = {isa = PBXFileReference; explicitFileType = wrapper.application; includeInIndex = 0; path = IsosurfaceExtraction.app; sourceTree = BUILT_PRODUCTS_DIR; };
		1A445F5D27559A8C00561348 /* IsosurfaceExtractionApp.swift */ = {isa = PBXFileReference; lastKnownFileType = sourcecode.swift; path = IsosurfaceExtractionApp.swift; sourceTree = "<group>"; };
		1A445F5F27559A8C00561348 /* ContentView.swift */ = {isa = PBXFileReference; lastKnownFileType = sourcecode.swift; path = ContentView.swift; sourceTree = "<group>"; };
		1A445F6127559A8D00561348 /* Assets.xcassets */ = {isa = PBXFileReference; lastKnownFileType = folder.assetcatalog; path = Assets.xcassets; sourceTree = "<group>"; };
		1A445F6427559A8D00561348 /* Preview Assets.xcassets */ = {isa = PBXFileReference; lastKnownFileType = folder.assetcatalog; path = "Preview Assets.xcassets"; sourceTree = "<group>"; };
		1A445F6B27559AA900561348 /* MarchingCubes.swift */ = {isa = PBXFileReference; fileEncoding = 4; lastKnownFileType = sourcecode.swift; path = MarchingCubes.swift; sourceTree = "<group>"; };
		1A445F6F27559ACB00561348 /* MarchingCubes.js */ = {isa = PBXFileReference; lastKnownFileType = sourcecode.javascript; path = MarchingCubes.js; sourceTree = "<group>"; };
		1A445F7127559AEC00561348 /* marchingcubes.py */ = {isa = PBXFileReference; lastKnownFileType = text.script.python; path = marchingcubes.py; sourceTree = "<group>"; };
		1A445F7327559BB600561348 /* settings.py */ = {isa = PBXFileReference; lastKnownFileType = text.script.python; path = settings.py; sourceTree = "<group>"; };
		1A445F7527559BDD00561348 /* utils_3d.py */ = {isa = PBXFileReference; lastKnownFileType = text.script.python; path = utils_3d.py; sourceTree = "<group>"; };
		1A7981F627559CDB00D9484D /* README.md */ = {isa = PBXFileReference; lastKnownFileType = net.daringfireball.markdown; path = README.md; sourceTree = "<group>"; };
		1A7981F727559D8200D9484D /* IsosurfaceExtraction-Bridging-Header.h */ = {isa = PBXFileReference; lastKnownFileType = sourcecode.c.h; path = "IsosurfaceExtraction-Bridging-Header.h"; sourceTree = "<group>"; };
		1A7981F827559D8200D9484D /* Polygonise.h */ = {isa = PBXFileReference; lastKnownFileType = sourcecode.c.h; path = Polygonise.h; sourceTree = "<group>"; };
		1A7981F927559D8200D9484D /* Polygonise.c */ = {isa = PBXFileReference; lastKnownFileType = sourcecode.c.c; path = Polygonise.c; sourceTree = "<group>"; };
/* End PBXFileReference section */

/* Begin PBXFrameworksBuildPhase section */
		1A445F5727559A8C00561348 /* Frameworks */ = {
			isa = PBXFrameworksBuildPhase;
			buildActionMask = 2147483647;
			files = (
			);
			runOnlyForDeploymentPostprocessing = 0;
		};
/* End PBXFrameworksBuildPhase section */

/* Begin PBXGroup section */
		1A445F5127559A8C00561348 = {
			isa = PBXGroup;
			children = (
				1A7981F627559CDB00D9484D /* README.md */,
				1A445F5C27559A8C00561348 /* IsosurfaceExtraction */,
				1A445F5B27559A8C00561348 /* Products */,
			);
			sourceTree = "<group>";
		};
		1A445F5B27559A8C00561348 /* Products */ = {
			isa = PBXGroup;
			children = (
				1A445F5A27559A8C00561348 /* IsosurfaceExtraction.app */,
			);
			name = Products;
			sourceTree = "<group>";
		};
		1A445F5C27559A8C00561348 /* IsosurfaceExtraction */ = {
			isa = PBXGroup;
			children = (
				1A445F5D27559A8C00561348 /* IsosurfaceExtractionApp.swift */,
				1A445F5F27559A8C00561348 /* ContentView.swift */,
				1A445F6B27559AA900561348 /* MarchingCubes.swift */,
				1A7981F827559D8200D9484D /* Polygonise.h */,
				1A7981F927559D8200D9484D /* Polygonise.c */,
				1A445F6F27559ACB00561348 /* MarchingCubes.js */,
				1A445F7127559AEC00561348 /* marchingcubes.py */,
				1A445F7527559BDD00561348 /* utils_3d.py */,
				1A445F7327559BB600561348 /* settings.py */,
				1A445F6127559A8D00561348 /* Assets.xcassets */,
				1A445F6327559A8D00561348 /* Preview Content */,
				1A7981F727559D8200D9484D /* IsosurfaceExtraction-Bridging-Header.h */,
			);
			path = IsosurfaceExtraction;
			sourceTree = "<group>";
		};
		1A445F6327559A8D00561348 /* Preview Content */ = {
			isa = PBXGroup;
			children = (
				1A445F6427559A8D00561348 /* Preview Assets.xcassets */,
			);
			path = "Preview Content";
			sourceTree = "<group>";
		};
/* End PBXGroup section */

/* Begin PBXNativeTarget section */
		1A445F5927559A8C00561348 /* IsosurfaceExtraction */ = {
			isa = PBXNativeTarget;
			buildConfigurationList = 1A445F6827559A8D00561348 /* Build configuration list for PBXNativeTarget "IsosurfaceExtraction" */;
			buildPhases = (
				1A445F5627559A8C00561348 /* Sources */,
				1A445F5727559A8C00561348 /* Frameworks */,
				1A445F5827559A8C00561348 /* Resources */,
			);
			buildRules = (
			);
			dependencies = (
			);
			name = IsosurfaceExtraction;
			productName = IsosurfaceExtraction;
			productReference = 1A445F5A27559A8C00561348 /* IsosurfaceExtraction.app */;
			productType = "com.apple.product-type.application";
		};
/* End PBXNativeTarget section */

/* Begin PBXProject section */
		1A445F5227559A8C00561348 /* Project object */ = {
			isa = PBXProject;
			attributes = {
				BuildIndependentTargetsInParallel = 1;
				LastSwiftUpdateCheck = 1310;
				LastUpgradeCheck = 1310;
				TargetAttributes = {
					1A445F5927559A8C00561348 = {
						CreatedOnToolsVersion = 13.1;
						LastSwiftMigration = 1310;
					};
				};
			};
			buildConfigurationList = 1A445F5527559A8C00561348 /* Build configuration list for PBXProject "IsosurfaceExtraction" */;
			compatibilityVersion = "Xcode 13.0";
			developmentRegion = en;
			hasScannedForEncodings = 0;
			knownRegions = (
				en,
				Base,
			);
			mainGroup = 1A445F5127559A8C00561348;
			productRefGroup = 1A445F5B27559A8C00561348 /* Products */;
			projectDirPath = "";
			projectRoot = "";
			targets = (
				1A445F5927559A8C00561348 /* IsosurfaceExtraction */,
			);
		};
/* End PBXProject section */

/* Begin PBXResourcesBuildPhase section */
		1A445F5827559A8C00561348 /* Resources */ = {
			isa = PBXResourcesBuildPhase;
			buildActionMask = 2147483647;
			files = (
				1A445F6527559A8D00561348 /* Preview Assets.xcassets in Resources */,
				1A445F6227559A8D00561348 /* Assets.xcassets in Resources */,
			);
			runOnlyForDeploymentPostprocessing = 0;
		};
/* End PBXResourcesBuildPhase section */

/* Begin PBXSourcesBuildPhase section */
		1A445F5627559A8C00561348 /* Sources */ = {
			isa = PBXSourcesBuildPhase;
			buildActionMask = 2147483647;
			files = (
				1A445F6027559A8C00561348 /* ContentView.swift in Sources */,
				1A7981FA27559D8200D9484D /* Polygonise.c in Sources */,
				1A445F6D27559AA900561348 /* MarchingCubes.swift in Sources */,
				1A445F5E27559A8C00561348 /* IsosurfaceExtractionApp.swift in Sources */,
			);
			runOnlyForDeploymentPostprocessing = 0;
		};
/* End PBXSourcesBuildPhase section */

/* Begin XCBuildConfiguration section */
		1A445F6627559A8D00561348 /* Debug */ = {
			isa = XCBuildConfiguration;
			buildSettings = {
				ALWAYS_SEARCH_USER_PATHS = NO;
				CLANG_ANALYZER_NONNULL = YES;
				CLANG_ANALYZER_NUMBER_OBJECT_CONVERSION = YES_AGGRESSIVE;
				CLANG_CXX_LANGUAGE_STANDARD = "gnu++17";
				CLANG_CXX_LIBRARY = "libc++";
				CLANG_ENABLE_MODULES = YES;
				CLANG_ENABLE_OBJC_ARC = YES;
				CLANG_ENABLE_OBJC_WEAK = YES;
				CLANG_WARN_BLOCK_CAPTURE_AUTORELEASING = YES;
				CLANG_WARN_BOOL_CONVERSION = YES;
				CLANG_WARN_COMMA = YES;
				CLANG_WARN_CONSTANT_CONVERSION = YES;
				CLANG_WARN_DEPRECATED_OBJC_IMPLEMENTATIONS = YES;
				CLANG_WARN_DIRECT_OBJC_ISA_USAGE = YES_ERROR;
				CLANG_WARN_DOCUMENTATION_COMMENTS = YES;
				CLANG_WARN_EMPTY_BODY = YES;
				CLANG_WARN_ENUM_CONVERSION = YES;
				CLANG_WARN_INFINITE_RECURSION = YES;
				CLANG_WARN_INT_CONVERSION = YES;
				CLANG_WARN_NON_LITERAL_NULL_CONVERSION = YES;
				CLANG_WARN_OBJC_IMPLICIT_RETAIN_SELF = YES;
				CLANG_WARN_OBJC_LITERAL_CONVERSION = YES;
				CLANG_WARN_OBJC_ROOT_CLASS = YES_ERROR;
				CLANG_WARN_QUOTED_INCLUDE_IN_FRAMEWORK_HEADER = YES;
				CLANG_WARN_RANGE_LOOP_ANALYSIS = YES;
				CLANG_WARN_STRICT_PROTOTYPES = YES;
				CLANG_WARN_SUSPICIOUS_MOVE = YES;
				CLANG_WARN_UNGUARDED_AVAILABILITY = YES_AGGRESSIVE;
				CLANG_WARN_UNREACHABLE_CODE = YES;
				CLANG_WARN__DUPLICATE_METHOD_MATCH = YES;
				COPY_PHASE_STRIP = NO;
				DEBUG_INFORMATION_FORMAT = dwarf;
				ENABLE_STRICT_OBJC_MSGSEND = YES;
				ENABLE_TESTABILITY = YES;
				GCC_C_LANGUAGE_STANDARD = gnu11;
				GCC_DYNAMIC_NO_PIC = NO;
				GCC_NO_COMMON_BLOCKS = YES;
				GCC_OPTIMIZATION_LEVEL = 0;
				GCC_PREPROCESSOR_DEFINITIONS = (
					"DEBUG=1",
					"$(inherited)",
				);
				GCC_WARN_64_TO_32_BIT_CONVERSION = YES;
				GCC_WARN_ABOUT_RETURN_TYPE = YES_ERROR;
				GCC_WARN_UNDECLARED_SELECTOR = YES;
				GCC_WARN_UNINITIALIZED_AUTOS = YES_AGGRESSIVE;
				GCC_WARN_UNUSED_FUNCTION = YES;
				GCC_WARN_UNUSED_VARIABLE = YES;
				IPHONEOS_DEPLOYMENT_TARGET = 15.0;
				MTL_ENABLE_DEBUG_INFO = INCLUDE_SOURCE;
				MTL_FAST_MATH = YES;
				ONLY_ACTIVE_ARCH = YES;
				SDKROOT = iphoneos;
				SWIFT_ACTIVE_COMPILATION_CONDITIONS = DEBUG;
				SWIFT_OPTIMIZATION_LEVEL = "-Onone";
			};
			name = Debug;
		};
		1A445F6727559A8D00561348 /* Release */ = {
			isa = XCBuildConfiguration;
			buildSettings = {
				ALWAYS_SEARCH_USER_PATHS = NO;
				CLANG_ANALYZER_NONNULL = YES;
				CLANG_ANALYZER_NUMBER_OBJECT_CONVERSION = YES_AGGRESSIVE;
				CLANG_CXX_LANGUAGE_STANDARD = "gnu++17";
				CLANG_CXX_LIBRARY = "libc++";
				CLANG_ENABLE_MODULES = YES;
				CLANG_ENABLE_OBJC_ARC = YES;
				CLANG_ENABLE_OBJC_WEAK = YES;
				CLANG_WARN_BLOCK_CAPTURE_AUTORELEASING = YES;
				CLANG_WARN_BOOL_CONVERSION = YES;
				CLANG_WARN_COMMA = YES;
				CLANG_WARN_CONSTANT_CONVERSION = YES;
				CLANG_WARN_DEPRECATED_OBJC_IMPLEMENTATIONS = YES;
				CLANG_WARN_DIRECT_OBJC_ISA_USAGE = YES_ERROR;
				CLANG_WARN_DOCUMENTATION_COMMENTS = YES;
				CLANG_WARN_EMPTY_BODY = YES;
				CLANG_WARN_ENUM_CONVERSION = YES;
				CLANG_WARN_INFINITE_RECURSION = YES;
				CLANG_WARN_INT_CONVERSION = YES;
				CLANG_WARN_NON_LITERAL_NULL_CONVERSION = YES;
				CLANG_WARN_OBJC_IMPLICIT_RETAIN_SELF = YES;
				CLANG_WARN_OBJC_LITERAL_CONVERSION = YES;
				CLANG_WARN_OBJC_ROOT_CLASS = YES_ERROR;
				CLANG_WARN_QUOTED_INCLUDE_IN_FRAMEWORK_HEADER = YES;
				CLANG_WARN_RANGE_LOOP_ANALYSIS = YES;
				CLANG_WARN_STRICT_PROTOTYPES = YES;
				CLANG_WARN_SUSPICIOUS_MOVE = YES;
				CLANG_WARN_UNGUARDED_AVAILABILITY = YES_AGGRESSIVE;
				CLANG_WARN_UNREACHABLE_CODE = YES;
				CLANG_WARN__DUPLICATE_METHOD_MATCH = YES;
				COPY_PHASE_STRIP = NO;
				DEBUG_INFORMATION_FORMAT = "dwarf-with-dsym";
				ENABLE_NS_ASSERTIONS = NO;
				ENABLE_STRICT_OBJC_MSGSEND = YES;
				GCC_C_LANGUAGE_STANDARD = gnu11;
				GCC_NO_COMMON_BLOCKS = YES;
				GCC_WARN_64_TO_32_BIT_CONVERSION = YES;
				GCC_WARN_ABOUT_RETURN_TYPE = YES_ERROR;
				GCC_WARN_UNDECLARED_SELECTOR = YES;
				GCC_WARN_UNINITIALIZED_AUTOS = YES_AGGRESSIVE;
				GCC_WARN_UNUSED_FUNCTION = YES;
				GCC_WARN_UNUSED_VARIABLE = YES;
				IPHONEOS_DEPLOYMENT_TARGET = 15.0;
				MTL_ENABLE_DEBUG_INFO = NO;
				MTL_FAST_MATH = YES;
				SDKROOT = iphoneos;
				SWIFT_COMPILATION_MODE = wholemodule;
				SWIFT_OPTIMIZATION_LEVEL = "-O";
				VALIDATE_PRODUCT = YES;
			};
			name = Release;
		};
		1A445F6927559A8D00561348 /* Debug */ = {
			isa = XCBuildConfiguration;
			buildSettings = {
				ASSETCATALOG_COMPILER_APPICON_NAME = AppIcon;
				ASSETCATALOG_COMPILER_GLOBAL_ACCENT_COLOR_NAME = AccentColor;
				CLANG_ENABLE_MODULES = YES;
				CODE_SIGN_STYLE = Automatic;
				CURRENT_PROJECT_VERSION = 1;
				DEVELOPMENT_ASSET_PATHS = "\"IsosurfaceExtraction/Preview Content\"";
				DEVELOPMENT_TEAM = BDV4VC27D3;
				ENABLE_PREVIEWS = YES;
				GENERATE_INFOPLIST_FILE = YES;
				INFOPLIST_KEY_UIApplicationSceneManifest_Generation = YES;
				INFOPLIST_KEY_UIApplicationSupportsIndirectInputEvents = YES;
				INFOPLIST_KEY_UILaunchScreen_Generation = YES;
				INFOPLIST_KEY_UISupportedInterfaceOrientations_iPad = "UIInterfaceOrientationPortrait UIInterfaceOrientationPortraitUpsideDown UIInterfaceOrientationLandscapeLeft UIInterfaceOrientationLandscapeRight";
				INFOPLIST_KEY_UISupportedInterfaceOrientations_iPhone = "UIInterfaceOrientationPortrait UIInterfaceOrientationLandscapeLeft UIInterfaceOrientationLandscapeRight";
				LD_RUNPATH_SEARCH_PATHS = (
					"$(inherited)",
					"@executable_path/Frameworks",
				);
				MARKETING_VERSION = 1.0;
				PRODUCT_BUNDLE_IDENTIFIER = com.rhonabwy.IsosurfaceExtraction;
				PRODUCT_NAME = "$(TARGET_NAME)";
				SWIFT_EMIT_LOC_STRINGS = YES;
				SWIFT_OBJC_BRIDGING_HEADER = "IsosurfaceExtraction/IsosurfaceExtraction-Bridging-Header.h";
				SWIFT_OPTIMIZATION_LEVEL = "-Onone";
				SWIFT_VERSION = 5.0;
				TARGETED_DEVICE_FAMILY = "1,2";
			};
			name = Debug;
		};
		1A445F6A27559A8D00561348 /* Release */ = {
			isa = XCBuildConfiguration;
			buildSettings = {
				ASSETCATALOG_COMPILER_APPICON_NAME = AppIcon;
				ASSETCATALOG_COMPILER_GLOBAL_ACCENT_COLOR_NAME = AccentColor;
				CLANG_ENABLE_MODULES = YES;
				CODE_SIGN_STYLE = Automatic;
				CURRENT_PROJECT_VERSION = 1;
				DEVELOPMENT_ASSET_PATHS = "\"IsosurfaceExtraction/Preview Content\"";
				DEVELOPMENT_TEAM = BDV4VC27D3;
				ENABLE_PREVIEWS = YES;
				GENERATE_INFOPLIST_FILE = YES;
				INFOPLIST_KEY_UIApplicationSceneManifest_Generation = YES;
				INFOPLIST_KEY_UIApplicationSupportsIndirectInputEvents = YES;
				INFOPLIST_KEY_UILaunchScreen_Generation = YES;
				INFOPLIST_KEY_UISupportedInterfaceOrientations_iPad = "UIInterfaceOrientationPortrait UIInterfaceOrientationPortraitUpsideDown UIInterfaceOrientationLandscapeLeft UIInterfaceOrientationLandscapeRight";
				INFOPLIST_KEY_UISupportedInterfaceOrientations_iPhone = "UIInterfaceOrientationPortrait UIInterfaceOrientationLandscapeLeft UIInterfaceOrientationLandscapeRight";
				LD_RUNPATH_SEARCH_PATHS = (
					"$(inherited)",
					"@executable_path/Frameworks",
				);
				MARKETING_VERSION = 1.0;
				PRODUCT_BUNDLE_IDENTIFIER = com.rhonabwy.IsosurfaceExtraction;
				PRODUCT_NAME = "$(TARGET_NAME)";
				SWIFT_EMIT_LOC_STRINGS = YES;
				SWIFT_OBJC_BRIDGING_HEADER = "IsosurfaceExtraction/IsosurfaceExtraction-Bridging-Header.h";
				SWIFT_VERSION = 5.0;
				TARGETED_DEVICE_FAMILY = "1,2";
			};
			name = Release;
		};
/* End XCBuildConfiguration section */

/* Begin XCConfigurationList section */
		1A445F5527559A8C00561348 /* Build configuration list for PBXProject "IsosurfaceExtraction" */ = {
			isa = XCConfigurationList;
			buildConfigurations = (
				1A445F6627559A8D00561348 /* Debug */,
				1A445F6727559A8D00561348 /* Release */,
			);
			defaultConfigurationIsVisible = 0;
			defaultConfigurationName = Release;
		};
		1A445F6827559A8D00561348 /* Build configuration list for PBXNativeTarget "IsosurfaceExtraction" */ = {
			isa = XCConfigurationList;
			buildConfigurations = (
				1A445F6927559A8D00561348 /* Debug */,
				1A445F6A27559A8D00561348 /* Release */,
			);
			defaultConfigurationIsVisible = 0;
			defaultConfigurationName = Release;
		};
/* End XCConfigurationList section */
	};
	rootObject = 1A445F5227559A8C00561348 /* Project object */;
}
